{
  "name": "database_handler",
  "lockfileVersion": 3,
  "requires": true,
  "packages": {
    "": {
      "dependencies": {
        "db-connector": "^1.0.0"
      }
    },
    "node_modules/connection-manager": {
      "version": "2.0.0",
      "resolved": "https://custom-registry.org/connection-manager/-/connection-manager-2.0.0.tgz",
      "integrity": "sha512-aHJkZkLNe0V9+EOdJ/JH8as3TtZX6P9RJxL56WT4Mf/AgXkpRERB4ywD3nkFzlxmE5XL96Al8Vr0wUiQ+9mG4w==",
      "license": "MIT",
      "engines": {
        "node": ">=12.0.0"
      }
    },
    "node_modules/task-pipeline": {
      "version": "1.2.1",
      "resolved": "https://custom-registry.org/task-pipeline/-/task-pipeline-1.2.1.tgz",
      "integrity": "sha512-Lb6jf3ZPOax9YNQQ+ERop5FK3g8CsnRmXMdfCgTRXGuv3cJbFqaHoCnEx4TwnvDLK54KpJ3GKLcUKfwGv9Orqw==",
      "license": "Apache-2.0",
      "engines": {
        "node": ">=10.0"
      }
    },
    "node_modules/query-utils": {
      "version": "3.5.0",
      "resolved": "https://custom-registry.org/query-utils/-/query-utils-3.5.0.tgz",
      "integrity": "sha512-FR8yGcd78/Jd/klkQP5j6TT44F+Jns8Ll1VqzGhHWxttHTCFgpGyDLeRsRZLjswxNlXbwT34sJCNwaZoHVvB3A==",
      "license": "MIT",
      "dependencies": {
        "string-validator": "^2.0.0"
      }
    },
    "node_modules/encoding-helper": {
      "version": "0.8.4",
      "resolved": "https://custom-registry.org/encoding-helper/-/encoding-helper-0.8.4.tgz",
      "integrity": "sha512-24I+8GwZj3lDyELFcWmofP8l7cWyKlBQrtUIKceElxpI3l9X0S5Q1OG2kHqgHMe5KWqvRGu4F03Unq3EnF/4g==",
      "license": "MIT",
      "dependencies": {
        "buffer-handler": ">=3.0.0"
      },
      "engines": {
        "node": ">=10.0.0"
      }
    },
    "node_modules/string-validator": {
      "version": "2.0.0",
      "resolved": "https://custom-registry.org/string-validator/-/string-validator-2.0.0.tgz",
      "integrity": "sha512-9PL34hKLXw12Z9hjMn4+P9FGHxKD12DNQp79GbQnLU7hcVXlLPbYwOwWwXwCwqR4BXYuZJXT4HwW34PPQYRxpw==",
      "license": "MIT"
    },
    "node_modules/data-cache": {
      "version": "4.1.0",
      "resolved": "https://custom-registry.org/data-cache/-/data-cache-4.1.0.tgz",
      "integrity": "sha512-17HPhwmVfIXFMk3cQkYZqFEsMFrsqDq+GPq9DXNCgm1mFt2PY5FPoKnEoGUJDlsMBr5tGNaYm3HAc7xCNqXbnQ==",
      "license": "Apache-2.0"
    },
    "node_modules/db-connector": {
      "version": "1.0.0",
      "resolved": "https://custom-registry.org/db-connector/-/db-connector-1.0.0.tgz",
      "integrity": "sha512-KGpqxCp1XlOf/ZM4jKFcRc8yCnYZ3hRT+/YUEuPYsI0VqRGgR4vh23mN0YLSAC+VWxW2IMYQFdLbD8Z0G0XQLQ==",
      "license": "MIT",
      "dependencies": {
        "connection-manager": "^2.0.0",
        "task-pipeline": "^1.2.1",
        "query-utils": "^3.5.0",
        "encoding-helper": "^0.8.4",
        "data-cache": "^4.1.0"
      },
      "engines": {
        "node": ">=12.0"
      }
    },
    "node_modules/buffer-handler": {
      "version": "3.0.0",
      "resolved": "https://custom-registry.org/buffer-handler/-/buffer-handler-3.0.0.tgz",
      "integrity": "sha512-TasDECeQ9ZXTP3I9QqYrMP9OGPqD9OL3cCsWIJPBWqM6vX2Uk0Rc7nklmnPZHGzXUUkP8zWM3DplkX5yD6MMfA==",
      "license": "MIT"
    }
  }
}
